
Microsoft Visual Studio Solution File, Format Version 12.00
# Visual Studio Version 17
VisualStudioVersion = 17.6.33723.286
MinimumVisualStudioVersion = 10.0.40219.1
Project("{9A19103F-16F7-4668-BE54-9A1E7A4F7556}") = "MicroservicesOne", "MicroservicesOne\MicroservicesOne.csproj", "{9FE675EF-4606-4AC6-A71D-F8FD8062A2BA}"
EndProject
Project("{9A19103F-16F7-4668-BE54-9A1E7A4F7556}") = "MicroServicesTwo", "MicroServicesTwo\MicroServicesTwo.csproj", "{10748283-F939-466C-A227-F77EA66F96AB}"
EndProject
Project("{FAE04EC0-301F-11D3-BF4B-00C04F79EFBC}") = "Shread.Event", "Shread.Event\Shread.Event.csproj", "{5CDF50AB-BB6E-4AE7-85DA-89BA2C31E51B}"
EndProject
Global
	GlobalSection(SolutionConfigurationPlatforms) = preSolution
		Debug|Any CPU = Debug|Any CPU
		Release|Any CPU = Release|Any CPU
	EndGlobalSection
	GlobalSection(ProjectConfigurationPlatforms) = postSolution
		{9FE675EF-4606-4AC6-A71D-F8FD8062A2BA}.Debug|Any CPU.ActiveCfg = Debug|Any CPU
		{9FE675EF-4606-4AC6-A71D-F8FD8062A2BA}.Debug|Any CPU.Build.0 = Debug|Any CPU
		{9FE675EF-4606-4AC6-A71D-F8FD8062A2BA}.Release|Any CPU.ActiveCfg = Release|Any CPU
		{9FE675EF-4606-4AC6-A71D-F8FD8062A2BA}.Release|Any CPU.Build.0 = Release|Any CPU
		{10748283-F939-466C-A227-F77EA66F96AB}.Debug|Any CPU.ActiveCfg = Debug|Any CPU
		{10748283-F939-466C-A227-F77EA66F96AB}.Debug|Any CPU.Build.0 = Debug|Any CPU
		{10748283-F939-466C-A227-F77EA66F96AB}.Release|Any CPU.ActiveCfg = Release|Any CPU
		{10748283-F939-466C-A227-F77EA66F96AB}.Release|Any CPU.Build.0 = Release|Any CPU
		{5CDF50AB-BB6E-4AE7-85DA-89BA2C31E51B}.Debug|Any CPU.ActiveCfg = Debug|Any CPU
		{5CDF50AB-BB6E-4AE7-85DA-89BA2C31E51B}.Debug|Any CPU.Build.0 = Debug|Any CPU
		{5CDF50AB-BB6E-4AE7-85DA-89BA2C31E51B}.Release|Any CPU.ActiveCfg = Release|Any CPU
		{5CDF50AB-BB6E-4AE7-85DA-89BA2C31E51B}.Release|Any CPU.Build.0 = Release|Any CPU
	EndGlobalSection
	GlobalSection(SolutionProperties) = preSolution
		HideSolutionNode = FALSE
	EndGlobalSection
	GlobalSection(ExtensibilityGlobals) = postSolution
		SolutionGuid = {8D0546A8-A7A4-4FF6-AD85-95EECDA1EC0D}
	EndGlobalSection
EndGlobal
